{
  "name": "gourmet-restaurant-web-master",
  "lockfileVersion": 3,
  "requires": true,
  "packages": {
    "": {
      "dependencies": {
        "bootstrap": "^3.3.6"
      }
    },
    "node_modules/bootstrap": {
      "version": "3.3.6",
      "resolved": "https://registry.npmjs.org/bootstrap/-/bootstrap-3.3.6.tgz",
      "integrity": "sha512-XC+LTYJoVYHIalmjNcznwlZHY+YLhMJ9NPs8M2aEweugK7wMrto3h79POn7O5Vj/woDU/tjzmjyUbAd1HzSXIw==",
      "engines": {
        "node": ">=0.10.1"
      }
    }
  }
}
